
Microsoft Visual Studio Solution File, Format Version 12.00
# Visual Studio 14
VisualStudioVersion = 14.0.24720.0
MinimumVisualStudioVersion = 10.0.40219.1
Project("{FAE04EC0-301F-11D3-BF4B-00C04F79EFBC}") = "PxtlCa.BigVariant.Core", "PxtlCa.BigVariant.Core\PxtlCa.BigVariant.Core.csproj", "{60343A86-20A9-4A74-BB7F-FB3A46031C40}"
EndProject
Project("{00D1A9C2-B5F0-4AF3-8072-F6C62B433612}") = "PxtlCa.BigVariant.PublishDatabase", "PxtlCa.BigVariant.PublishDatabase\PxtlCa.BigVariant.PublishDatabase.sqlproj", "{D8536066-E561-4059-AD96-B09B93C4DB06}"
EndProject
Project("{2150E333-8FDC-42A3-9474-1A3956D46DE8}") = "Solution Items", "Solution Items", "{9CB54D49-0D43-462C-B250-38BEB7F38312}"
	ProjectSection(SolutionItems) = preProject
		.gitattributes = .gitattributes
		.gitignore = .gitignore
		README.md = README.md
		PxtlCa.BigVariant.Core.nuspec = PxtlCa.BigVariant.Core.nuspec
	EndProjectSection
EndProject
Project("{FAE04EC0-301F-11D3-BF4B-00C04F79EFBC}") = "PxtlCa.BigVariant.Test", "PxtlCa.BigVariant.Test\PxtlCa.BigVariant.Test.csproj", "{6A28D0D8-9412-4E12-9485-48C449491DE4}"
EndProject
Project("{FAE04EC0-301F-11D3-BF4B-00C04F79EFBC}") = "PxtlCa.XmlCommentMarkDownGenerator", "PxtlCa.XmlCommentMarkDownGenerator\PxtlCa.XmlCommentMarkDownGenerator.csproj", "{1375DC94-03F8-496C-981C-D5D6E1B0FD26}"
EndProject
Project("{2150E333-8FDC-42A3-9474-1A3956D46DE8}") = "Docs", "Docs", "{27E1CDAD-F907-4124-B9FF-C4DEED664FA9}"
	ProjectSection(SolutionItems) = preProject
		Docs\PxtlCa.BigVariant.Core.GeneratedXmlDoc.md = Docs\PxtlCa.BigVariant.Core.GeneratedXmlDoc.md
	EndProjectSection
EndProject
Global
	GlobalSection(SolutionConfigurationPlatforms) = preSolution
		Debug|Any CPU = Debug|Any CPU
		Release|Any CPU = Release|Any CPU
	EndGlobalSection
	GlobalSection(ProjectConfigurationPlatforms) = postSolution
		{60343A86-20A9-4A74-BB7F-FB3A46031C40}.Debug|Any CPU.ActiveCfg = Debug|Any CPU
		{60343A86-20A9-4A74-BB7F-FB3A46031C40}.Debug|Any CPU.Build.0 = Debug|Any CPU
		{60343A86-20A9-4A74-BB7F-FB3A46031C40}.Release|Any CPU.ActiveCfg = Release|Any CPU
		{60343A86-20A9-4A74-BB7F-FB3A46031C40}.Release|Any CPU.Build.0 = Release|Any CPU
		{D8536066-E561-4059-AD96-B09B93C4DB06}.Debug|Any CPU.ActiveCfg = Debug|Any CPU
		{D8536066-E561-4059-AD96-B09B93C4DB06}.Debug|Any CPU.Build.0 = Debug|Any CPU
		{D8536066-E561-4059-AD96-B09B93C4DB06}.Debug|Any CPU.Deploy.0 = Debug|Any CPU
		{D8536066-E561-4059-AD96-B09B93C4DB06}.Release|Any CPU.ActiveCfg = Release|Any CPU
		{D8536066-E561-4059-AD96-B09B93C4DB06}.Release|Any CPU.Build.0 = Release|Any CPU
		{D8536066-E561-4059-AD96-B09B93C4DB06}.Release|Any CPU.Deploy.0 = Release|Any CPU
		{6A28D0D8-9412-4E12-9485-48C449491DE4}.Debug|Any CPU.ActiveCfg = Debug|Any CPU
		{6A28D0D8-9412-4E12-9485-48C449491DE4}.Debug|Any CPU.Build.0 = Debug|Any CPU
		{6A28D0D8-9412-4E12-9485-48C449491DE4}.Release|Any CPU.ActiveCfg = Release|Any CPU
		{6A28D0D8-9412-4E12-9485-48C449491DE4}.Release|Any CPU.Build.0 = Release|Any CPU
		{1375DC94-03F8-496C-981C-D5D6E1B0FD26}.Debug|Any CPU.ActiveCfg = Debug|Any CPU
		{1375DC94-03F8-496C-981C-D5D6E1B0FD26}.Debug|Any CPU.Build.0 = Debug|Any CPU
		{1375DC94-03F8-496C-981C-D5D6E1B0FD26}.Release|Any CPU.ActiveCfg = Release|Any CPU
		{1375DC94-03F8-496C-981C-D5D6E1B0FD26}.Release|Any CPU.Build.0 = Release|Any CPU
	EndGlobalSection
	GlobalSection(SolutionProperties) = preSolution
		HideSolutionNode = FALSE
	EndGlobalSection
	GlobalSection(NestedProjects) = preSolution
		{27E1CDAD-F907-4124-B9FF-C4DEED664FA9} = {9CB54D49-0D43-462C-B250-38BEB7F38312}
	EndGlobalSection
EndGlobal
